
Microsoft Visual Studio Solution File, Format Version 12.00
# Visual Studio 15
VisualStudioVersion = 15.0.27428.2015
MinimumVisualStudioVersion = 10.0.40219.1
Project("{FAE04EC0-301F-11D3-BF4B-00C04F79EFBC}") = "Server.Windows", "Server.Windows\Server.Windows.csproj", "{2B0B7C45-7AC6-499C-BC6A-2154BF0E90E8}"
EndProject
Project("{D954291E-2A0B-460D-934E-DC6B0785DB48}") = "Server", "Server\Server.shproj", "{B69810D4-4849-4071-967B-64B1184ABCA0}"
EndProject
Global
	GlobalSection(SharedMSBuildProjectFiles) = preSolution
		Server\Server.projitems*{2b0b7c45-7ac6-499c-bc6a-2154bf0e90e8}*SharedItemsImports = 4
		Server\Server.projitems*{b69810d4-4849-4071-967b-64b1184abca0}*SharedItemsImports = 13
	EndGlobalSection
	GlobalSection(SolutionConfigurationPlatforms) = preSolution
		Debug|Any CPU = Debug|Any CPU
		Release|Any CPU = Release|Any CPU
	EndGlobalSection
	GlobalSection(ProjectConfigurationPlatforms) = postSolution
		{2B0B7C45-7AC6-499C-BC6A-2154BF0E90E8}.Debug|Any CPU.ActiveCfg = Debug|Any CPU
		{2B0B7C45-7AC6-499C-BC6A-2154BF0E90E8}.Debug|Any CPU.Build.0 = Debug|Any CPU
		{2B0B7C45-7AC6-499C-BC6A-2154BF0E90E8}.Release|Any CPU.ActiveCfg = Release|Any CPU
		{2B0B7C45-7AC6-499C-BC6A-2154BF0E90E8}.Release|Any CPU.Build.0 = Release|Any CPU
	EndGlobalSection
	GlobalSection(SolutionProperties) = preSolution
		HideSolutionNode = FALSE
	EndGlobalSection
	GlobalSection(ExtensibilityGlobals) = postSolution
		SolutionGuid = {29B0D7B8-D0F6-480D-9CC8-83A5374260FA}
	EndGlobalSection
EndGlobal
